
Microsoft Visual Studio Solution File, Format Version 12.00
# Visual Studio Version 17
VisualStudioVersion = 17.11.35208.52
MinimumVisualStudioVersion = 10.0.40219.1
Project("{9A19103F-16F7-4668-BE54-9A1E7A4F7556}") = "APITaskManager", "APITaskManager.csproj", "{1F3DFF3D-7AD1-4E9B-BD2F-98E9A39BB0BE}"
EndProject
Global
	GlobalSection(SolutionConfigurationPlatforms) = preSolution
		Debug|Any CPU = Debug|Any CPU
		Release|Any CPU = Release|Any CPU
	EndGlobalSection
	GlobalSection(ProjectConfigurationPlatforms) = postSolution
		{1F3DFF3D-7AD1-4E9B-BD2F-98E9A39BB0BE}.Debug|Any CPU.ActiveCfg = Debug|Any CPU
		{1F3DFF3D-7AD1-4E9B-BD2F-98E9A39BB0BE}.Debug|Any CPU.Build.0 = Debug|Any CPU
		{1F3DFF3D-7AD1-4E9B-BD2F-98E9A39BB0BE}.Release|Any CPU.ActiveCfg = Release|Any CPU
		{1F3DFF3D-7AD1-4E9B-BD2F-98E9A39BB0BE}.Release|Any CPU.Build.0 = Release|Any CPU
	EndGlobalSection
	GlobalSection(SolutionProperties) = preSolution
		HideSolutionNode = FALSE
	EndGlobalSection
	GlobalSection(ExtensibilityGlobals) = postSolution
		SolutionGuid = {0D5A00A1-D717-4D41-9BB4-48FEFA426A78}
	EndGlobalSection
EndGlobal
